
Microsoft Visual Studio Solution File, Format Version 12.00
# Visual Studio Version 17
VisualStudioVersion = 17.6.33815.320
MinimumVisualStudioVersion = 10.0.40219.1
Project("{FAE04EC0-301F-11D3-BF4B-00C04F79EFBC}") = "BR.ECS.DeviceDriver.Tests", "Test\BR.ECS.DeviceDriver.Tests\BR.ECS.DeviceDriver.Tests.csproj", "{DFDE8068-1E6E-45F7-8A09-6255A47A5D0B}"
EndProject
Project("{2150E333-8FDC-42A3-9474-1A3956D46DE8}") = "Test", "Test", "{BACEB171-B1A7-4C27-AFF0-660FAA13F25B}"
EndProject
Project("{2150E333-8FDC-42A3-9474-1A3956D46DE8}") = "Src", "Src", "{A1516AD0-672B-4221-833B-C0451CA11D01}"
EndProject
Project("{2150E333-8FDC-42A3-9474-1A3956D46DE8}") = "DeviceDrivers", "DeviceDrivers", "{71D9866F-785D-4A02-A654-41326E7D90D2}"
EndProject
Project("{2150E333-8FDC-42A3-9474-1A3956D46DE8}") = "Robot", "Robot", "{B8B12AB2-18A4-45DD-A26F-DB03C8DABF70}"
EndProject
Project("{FAE04EC0-301F-11D3-BF4B-00C04F79EFBC}") = "BR.ECS.DeviceDriver.Robot.BYRobotSample", "Src\DeviceDrivers\Robot\BR.ECS.DeviceDriver.Robot.BYRobotSample\BR.ECS.DeviceDriver.Robot.BYRobotSample.csproj", "{896E146B-C563-44D2-862A-76AD551C33CF}"
EndProject
Global
	GlobalSection(SolutionConfigurationPlatforms) = preSolution
		Debug|Any CPU = Debug|Any CPU
		Debug|x86 = Debug|x86
		Release|Any CPU = Release|Any CPU
		Release|x86 = Release|x86
	EndGlobalSection
	GlobalSection(ProjectConfigurationPlatforms) = postSolution
		{DFDE8068-1E6E-45F7-8A09-6255A47A5D0B}.Debug|Any CPU.ActiveCfg = Debug|Any CPU
		{DFDE8068-1E6E-45F7-8A09-6255A47A5D0B}.Debug|Any CPU.Build.0 = Debug|Any CPU
		{DFDE8068-1E6E-45F7-8A09-6255A47A5D0B}.Debug|x86.ActiveCfg = Debug|Any CPU
		{DFDE8068-1E6E-45F7-8A09-6255A47A5D0B}.Debug|x86.Build.0 = Debug|Any CPU
		{DFDE8068-1E6E-45F7-8A09-6255A47A5D0B}.Release|Any CPU.ActiveCfg = Release|Any CPU
		{DFDE8068-1E6E-45F7-8A09-6255A47A5D0B}.Release|Any CPU.Build.0 = Release|Any CPU
		{DFDE8068-1E6E-45F7-8A09-6255A47A5D0B}.Release|x86.ActiveCfg = Release|Any CPU
		{DFDE8068-1E6E-45F7-8A09-6255A47A5D0B}.Release|x86.Build.0 = Release|Any CPU
		{896E146B-C563-44D2-862A-76AD551C33CF}.Debug|Any CPU.ActiveCfg = Debug|Any CPU
		{896E146B-C563-44D2-862A-76AD551C33CF}.Debug|Any CPU.Build.0 = Debug|Any CPU
		{896E146B-C563-44D2-862A-76AD551C33CF}.Debug|x86.ActiveCfg = Debug|Any CPU
		{896E146B-C563-44D2-862A-76AD551C33CF}.Debug|x86.Build.0 = Debug|Any CPU
		{896E146B-C563-44D2-862A-76AD551C33CF}.Release|Any CPU.ActiveCfg = Release|Any CPU
		{896E146B-C563-44D2-862A-76AD551C33CF}.Release|Any CPU.Build.0 = Release|Any CPU
		{896E146B-C563-44D2-862A-76AD551C33CF}.Release|x86.ActiveCfg = Release|Any CPU
		{896E146B-C563-44D2-862A-76AD551C33CF}.Release|x86.Build.0 = Release|Any CPU
	EndGlobalSection
	GlobalSection(SolutionProperties) = preSolution
		HideSolutionNode = FALSE
	EndGlobalSection
	GlobalSection(NestedProjects) = preSolution
		{DFDE8068-1E6E-45F7-8A09-6255A47A5D0B} = {BACEB171-B1A7-4C27-AFF0-660FAA13F25B}
		{71D9866F-785D-4A02-A654-41326E7D90D2} = {A1516AD0-672B-4221-833B-C0451CA11D01}
		{B8B12AB2-18A4-45DD-A26F-DB03C8DABF70} = {71D9866F-785D-4A02-A654-41326E7D90D2}
		{896E146B-C563-44D2-862A-76AD551C33CF} = {B8B12AB2-18A4-45DD-A26F-DB03C8DABF70}
	EndGlobalSection
	GlobalSection(ExtensibilityGlobals) = postSolution
		SolutionGuid = {C3DA3B6A-583B-4F52-8FFA-4BCB065E28E4}
	EndGlobalSection
EndGlobal
